
Microsoft Visual Studio Solution File, Format Version 12.00
# Visual Studio Version 17
VisualStudioVersion = 17.7.34024.191
MinimumVisualStudioVersion = 10.0.40219.1
Project("{FAE04EC0-301F-11D3-BF4B-00C04F79EFBC}") = "Semana04EFCore.API", "Semana04EFCore.API\Semana04EFCore.API.csproj", "{B420A1C7-82AE-4065-BE78-38E5212E3380}"
EndProject
Global
	GlobalSection(SolutionConfigurationPlatforms) = preSolution
		Debug|Any CPU = Debug|Any CPU
		Release|Any CPU = Release|Any CPU
	EndGlobalSection
	GlobalSection(ProjectConfigurationPlatforms) = postSolution
		{B420A1C7-82AE-4065-BE78-38E5212E3380}.Debug|Any CPU.ActiveCfg = Debug|Any CPU
		{B420A1C7-82AE-4065-BE78-38E5212E3380}.Debug|Any CPU.Build.0 = Debug|Any CPU
		{B420A1C7-82AE-4065-BE78-38E5212E3380}.Release|Any CPU.ActiveCfg = Release|Any CPU
		{B420A1C7-82AE-4065-BE78-38E5212E3380}.Release|Any CPU.Build.0 = Release|Any CPU
	EndGlobalSection
	GlobalSection(SolutionProperties) = preSolution
		HideSolutionNode = FALSE
	EndGlobalSection
	GlobalSection(ExtensibilityGlobals) = postSolution
		SolutionGuid = {7A57257A-1FFC-45FD-9B19-D1BAE27EE092}
	EndGlobalSection
EndGlobal
